{
	"name": "git",
	"version": "1.0.0",
	"lockfileVersion": 1,
	"requires": true,
	"dependencies": {
		"@types/byline": {
			"version": "4.2.31",
			"resolved": false,
			"integrity": "sha1-DmH8ucA+BH0hxEllVMcRYperYM0=",
			"dev": true,
			"requires": {
				"@types/node": "*"
			}
		},
		"@types/file-type": {
			"version": "5.2.2",
			"resolved": false,
			"integrity": "sha512-GWtM4fyqfb+bec4ocpo51/y4x0b83Je+iA6eV131LT9wL0//G+1UgwbkMg7w61ceOwR+KkZXK00z44jrrNljWg==",
			"dev": true,
			"requires": {
				"@types/node": "*"
			}
		},
		"@types/mocha": {
			"version": "8.2.3",
			"resolved": false,
			"integrity": "sha512-ekGvFhFgrc2zYQoX4JeZPmVzZxw6Dtllga7iGHzfbYIYkAMUx/sAFP2GdFpLff+vdHXu5fl7WX9AT+TtqYcsyw==",
			"dev": true
		},
		"@types/node": {
			"version": "16.11.36",
			"resolved": false,
			"integrity": "sha512-FR5QJe+TaoZ2GsMHkjuwoNabr+UrJNRr2HNOo+r/7vhcuntM6Ee/pRPOnRhhL2XE9OOvX9VLEq+BcXl3VjNoWA==",
			"dev": true
		},
		"@types/which": {
			"version": "1.3.2",
			"resolved": false,
			"integrity": "sha512-8oDqyLC7eD4HM307boe2QWKyuzdzWBj56xI/imSl2cpL+U3tCMaTAkMJ4ee5JBZ/FsOJlvRGeIShiZDAl1qERA==",
			"dev": true
		},
		"@vscode/extension-telemetry": {
			"version": "file:../../c9-vscode-telemetry-stub",
			"resolved": false
		},
		"@vscode/iconv-lite-umd": {
			"version": "0.7.0",
			"resolved": false,
			"integrity": "sha512-bRRFxLfg5dtAyl5XyiVWz/ZBPahpOpPrNYnnHpOpUZvam4tKH35wdhP4Kj6PbM0+KdliOsPzbGWpkxcdpNB/sg=="
		},
		"byline": {
			"version": "5.0.0",
			"resolved": false,
			"integrity": "sha1-dBxSFkaOrcRXsDQQEYrXfejB3bE="
		},
		"file-type": {
			"version": "7.7.1",
			"resolved": false,
			"integrity": "sha512-bTrKkzzZI6wH+NXhyD3SOXtb2zXTw2SbwI2RxUlRcXVsnN7jNL5hJzVQLYv7FOQhxFkK4XWdAflEaWFpaLLWpQ=="
		},
		"isexe": {
			"version": "2.0.0",
			"resolved": false,
			"integrity": "sha1-6PvzdNxVb/iUehDcsFctYz8s+hA="
		},
		"jschardet": {
			"version": "2.1.0",
			"resolved": false,
			"integrity": "sha512-Fuk25QlebgHnvCQvAm258+y2D8yVs1VFIFwiqXbvxG4n9vo5YZsBPZuMxnc7Gb9ElAeN8QfRDvgkkIhW4DPoPA=="
		},
		"vscode-nls": {
			"version": "4.1.2",
			"resolved": false,
			"integrity": "sha512-7bOHxPsfyuCqmP+hZXscLhiHwe7CSuFE4hyhbs22xPIhQ4jv99FcR4eBzfYYVLP356HNFpdvz63FFb/xw6T4Iw=="
		},
		"vscode-uri": {
			"version": "2.1.2",
			"resolved": false,
			"integrity": "sha512-8TEXQxlldWAuIODdukIb+TR5s+9Ds40eSJrw+1iDDA9IFORPjMELarNQE3myz5XIkWWpdprmJjm1/SxMlWOC8A=="
		},
		"which": {
			"version": "1.3.1",
			"resolved": false,
			"integrity": "sha512-HxJdYWq1MTIQbJ3nw0cqssHoTNU267KlrDuGZ1WYlxDStUtKUhOaJmh112/TZmHxxUfuJqPXSOm7tDyas0OSIQ==",
			"requires": {
				"isexe": "^2.0.0"
			}
		}
	}
}
